
Microsoft Visual Studio Solution File, Format Version 12.00
# Visual Studio Version 17
VisualStudioVersion = 17.5.33530.505
MinimumVisualStudioVersion = 10.0.40219.1
Project("{FAE04EC0-301F-11D3-BF4B-00C04F79EFBC}") = "Url Shortcut to Lnk Converter", "Url Shortcut to Lnk Converter.csproj", "{155BA990-F6F1-4DC8-ACD0-620D2B81F7F1}"
EndProject
Global
	GlobalSection(SolutionConfigurationPlatforms) = preSolution
		Debug|Any CPU = Debug|Any CPU
		Release|Any CPU = Release|Any CPU
	EndGlobalSection
	GlobalSection(ProjectConfigurationPlatforms) = postSolution
		{155BA990-F6F1-4DC8-ACD0-620D2B81F7F1}.Debug|Any CPU.ActiveCfg = Debug|Any CPU
		{155BA990-F6F1-4DC8-ACD0-620D2B81F7F1}.Debug|Any CPU.Build.0 = Debug|Any CPU
		{155BA990-F6F1-4DC8-ACD0-620D2B81F7F1}.Release|Any CPU.ActiveCfg = Release|Any CPU
		{155BA990-F6F1-4DC8-ACD0-620D2B81F7F1}.Release|Any CPU.Build.0 = Release|Any CPU
	EndGlobalSection
	GlobalSection(SolutionProperties) = preSolution
		HideSolutionNode = FALSE
	EndGlobalSection
	GlobalSection(ExtensibilityGlobals) = postSolution
		SolutionGuid = {955E633A-6D00-478B-A9B9-BD007BA5D32B}
	EndGlobalSection
EndGlobal
